
Microsoft Visual Studio Solution File, Format Version 12.00
# Visual Studio Version 17
VisualStudioVersion = 17.5.33502.453
MinimumVisualStudioVersion = 10.0.40219.1
Project("{8BC9CEB8-8B4A-11D0-8D11-00A0C91BC942}") = "Kursovaya", "Kursovaya\Kursovaya.vcxproj", "{CC84AC58-2266-466A-A7E3-FFF6EE8D6BAE}"
EndProject
Global
	GlobalSection(SolutionConfigurationPlatforms) = preSolution
		Debug|x64 = Debug|x64
		Debug|x86 = Debug|x86
		Release|x64 = Release|x64
		Release|x86 = Release|x86
	EndGlobalSection
	GlobalSection(ProjectConfigurationPlatforms) = postSolution
		{CC84AC58-2266-466A-A7E3-FFF6EE8D6BAE}.Debug|x64.ActiveCfg = Debug|x64
		{CC84AC58-2266-466A-A7E3-FFF6EE8D6BAE}.Debug|x64.Build.0 = Debug|x64
		{CC84AC58-2266-466A-A7E3-FFF6EE8D6BAE}.Debug|x86.ActiveCfg = Debug|Win32
		{CC84AC58-2266-466A-A7E3-FFF6EE8D6BAE}.Debug|x86.Build.0 = Debug|Win32
		{CC84AC58-2266-466A-A7E3-FFF6EE8D6BAE}.Release|x64.ActiveCfg = Release|x64
		{CC84AC58-2266-466A-A7E3-FFF6EE8D6BAE}.Release|x64.Build.0 = Release|x64
		{CC84AC58-2266-466A-A7E3-FFF6EE8D6BAE}.Release|x86.ActiveCfg = Release|Win32
		{CC84AC58-2266-466A-A7E3-FFF6EE8D6BAE}.Release|x86.Build.0 = Release|Win32
	EndGlobalSection
	GlobalSection(SolutionProperties) = preSolution
		HideSolutionNode = FALSE
	EndGlobalSection
	GlobalSection(ExtensibilityGlobals) = postSolution
		SolutionGuid = {94FB0255-6945-4E2E-94FA-13FA2BB2C32F}
	EndGlobalSection
EndGlobal
